
Microsoft Visual Studio Solution File, Format Version 11.00
# Visual Studio 2010
Project("{FAE04EC0-301F-11D3-BF4B-00C04F79EFBC}") = "RoleBasedWorkflowService", "RoleBasedWorkflowService\RoleBasedWorkflowService.csproj", "{9E124A36-44BA-4C19-AD12-6D9D75E6FA01}"
EndProject
Project("{FAE04EC0-301F-11D3-BF4B-00C04F79EFBC}") = "Client", "Client\Client.csproj", "{DB94EE7D-8B83-40E7-B7DE-FA6378BBABD1}"
	ProjectSection(ProjectDependencies) = postProject
		{9E124A36-44BA-4C19-AD12-6D9D75E6FA01} = {9E124A36-44BA-4C19-AD12-6D9D75E6FA01}
	EndProjectSection
EndProject
Project("{2150E333-8FDC-42A3-9474-1A3956D46DE8}") = "Solution Items", "Solution Items", "{158E6F31-6350-47C6-A25E-2268A44DFB94}"
	ProjectSection(SolutionItems) = preProject
		ReadMe.txt = ReadMe.txt
	EndProjectSection
EndProject
Global
	GlobalSection(SolutionConfigurationPlatforms) = preSolution
		Debug|Any CPU = Debug|Any CPU
		Debug|Mixed Platforms = Debug|Mixed Platforms
		Debug|x86 = Debug|x86
		Release|Any CPU = Release|Any CPU
		Release|Mixed Platforms = Release|Mixed Platforms
		Release|x86 = Release|x86
	EndGlobalSection
	GlobalSection(ProjectConfigurationPlatforms) = postSolution
		{9E124A36-44BA-4C19-AD12-6D9D75E6FA01}.Debug|Any CPU.ActiveCfg = Debug|Any CPU
		{9E124A36-44BA-4C19-AD12-6D9D75E6FA01}.Debug|Any CPU.Build.0 = Debug|Any CPU
		{9E124A36-44BA-4C19-AD12-6D9D75E6FA01}.Debug|Mixed Platforms.ActiveCfg = Debug|Any CPU
		{9E124A36-44BA-4C19-AD12-6D9D75E6FA01}.Debug|Mixed Platforms.Build.0 = Debug|Any CPU
		{9E124A36-44BA-4C19-AD12-6D9D75E6FA01}.Debug|x86.ActiveCfg = Debug|Any CPU
		{9E124A36-44BA-4C19-AD12-6D9D75E6FA01}.Release|Any CPU.ActiveCfg = Release|Any CPU
		{9E124A36-44BA-4C19-AD12-6D9D75E6FA01}.Release|Any CPU.Build.0 = Release|Any CPU
		{9E124A36-44BA-4C19-AD12-6D9D75E6FA01}.Release|Mixed Platforms.ActiveCfg = Release|Any CPU
		{9E124A36-44BA-4C19-AD12-6D9D75E6FA01}.Release|Mixed Platforms.Build.0 = Release|Any CPU
		{9E124A36-44BA-4C19-AD12-6D9D75E6FA01}.Release|x86.ActiveCfg = Release|Any CPU
		{DB94EE7D-8B83-40E7-B7DE-FA6378BBABD1}.Debug|Any CPU.ActiveCfg = Debug|x86
		{DB94EE7D-8B83-40E7-B7DE-FA6378BBABD1}.Debug|Mixed Platforms.ActiveCfg = Debug|x86
		{DB94EE7D-8B83-40E7-B7DE-FA6378BBABD1}.Debug|Mixed Platforms.Build.0 = Debug|x86
		{DB94EE7D-8B83-40E7-B7DE-FA6378BBABD1}.Debug|x86.ActiveCfg = Debug|x86
		{DB94EE7D-8B83-40E7-B7DE-FA6378BBABD1}.Debug|x86.Build.0 = Debug|x86
		{DB94EE7D-8B83-40E7-B7DE-FA6378BBABD1}.Release|Any CPU.ActiveCfg = Release|x86
		{DB94EE7D-8B83-40E7-B7DE-FA6378BBABD1}.Release|Mixed Platforms.ActiveCfg = Release|x86
		{DB94EE7D-8B83-40E7-B7DE-FA6378BBABD1}.Release|Mixed Platforms.Build.0 = Release|x86
		{DB94EE7D-8B83-40E7-B7DE-FA6378BBABD1}.Release|x86.ActiveCfg = Release|x86
		{DB94EE7D-8B83-40E7-B7DE-FA6378BBABD1}.Release|x86.Build.0 = Release|x86
	EndGlobalSection
	GlobalSection(SolutionProperties) = preSolution
		HideSolutionNode = FALSE
	EndGlobalSection
EndGlobal
