
Microsoft Visual Studio Solution File, Format Version 11.00
# Visual Studio 2010
Project("{FAE04EC0-301F-11D3-BF4B-00C04F79EFBC}") = "MvcSTS", "MvcSTS\MvcSTS.csproj", "{E15AD6CE-9884-4073-886C-46E5FDCA0F06}"
EndProject
Project("{FAE04EC0-301F-11D3-BF4B-00C04F79EFBC}") = "MvcClient", "MvcClient\MvcClient.csproj", "{F8DD78DD-18E5-46F4-A723-0F89D2BBA7FE}"
EndProject
Project("{2150E333-8FDC-42A3-9474-1A3956D46DE8}") = "Solution Items", "Solution Items", "{1F4B4E22-9278-4BCC-914A-7BC373C77B44}"
	ProjectSection(SolutionItems) = preProject
		ReadMe.txt = ReadMe.txt
	EndProjectSection
EndProject
Global
	GlobalSection(SolutionConfigurationPlatforms) = preSolution
		Debug|Any CPU = Debug|Any CPU
		Release|Any CPU = Release|Any CPU
	EndGlobalSection
	GlobalSection(ProjectConfigurationPlatforms) = postSolution
		{E15AD6CE-9884-4073-886C-46E5FDCA0F06}.Debug|Any CPU.ActiveCfg = Debug|Any CPU
		{E15AD6CE-9884-4073-886C-46E5FDCA0F06}.Debug|Any CPU.Build.0 = Debug|Any CPU
		{E15AD6CE-9884-4073-886C-46E5FDCA0F06}.Release|Any CPU.ActiveCfg = Release|Any CPU
		{E15AD6CE-9884-4073-886C-46E5FDCA0F06}.Release|Any CPU.Build.0 = Release|Any CPU
		{F8DD78DD-18E5-46F4-A723-0F89D2BBA7FE}.Debug|Any CPU.ActiveCfg = Debug|Any CPU
		{F8DD78DD-18E5-46F4-A723-0F89D2BBA7FE}.Debug|Any CPU.Build.0 = Debug|Any CPU
		{F8DD78DD-18E5-46F4-A723-0F89D2BBA7FE}.Release|Any CPU.ActiveCfg = Release|Any CPU
		{F8DD78DD-18E5-46F4-A723-0F89D2BBA7FE}.Release|Any CPU.Build.0 = Release|Any CPU
	EndGlobalSection
	GlobalSection(SolutionProperties) = preSolution
		HideSolutionNode = FALSE
	EndGlobalSection
EndGlobal
